
Microsoft Visual Studio Solution File, Format Version 12.00
# Visual Studio 15
Project("{FAE04EC0-301F-11D3-BF4B-00C04F79EFBC}") = "Assembly-CSharp", "Assembly-CSharp.csproj", "{FE6D1ECE-DBA0-1694-15BB-5EA94408CAB9}"
EndProject
Project("{FAE04EC0-301F-11D3-BF4B-00C04F79EFBC}") = "Assembly-CSharp-Editor", "Assembly-CSharp-Editor.csproj", "{CCDF8564-D00F-CD87-3C6D-A5D9C0ED40DB}"
EndProject
Global
	GlobalSection(SolutionConfigurationPlatforms) = preSolution
		Debug|Any CPU = Debug|Any CPU
		Release|Any CPU = Release|Any CPU
	EndGlobalSection
	GlobalSection(ProjectConfigurationPlatforms) = postSolution
		{FE6D1ECE-DBA0-1694-15BB-5EA94408CAB9}.Debug|Any CPU.ActiveCfg = Debug|Any CPU
		{FE6D1ECE-DBA0-1694-15BB-5EA94408CAB9}.Debug|Any CPU.Build.0 = Debug|Any CPU
		{FE6D1ECE-DBA0-1694-15BB-5EA94408CAB9}.Release|Any CPU.ActiveCfg = Release|Any CPU
		{FE6D1ECE-DBA0-1694-15BB-5EA94408CAB9}.Release|Any CPU.Build.0 = Release|Any CPU
		{CCDF8564-D00F-CD87-3C6D-A5D9C0ED40DB}.Debug|Any CPU.ActiveCfg = Debug|Any CPU
		{CCDF8564-D00F-CD87-3C6D-A5D9C0ED40DB}.Debug|Any CPU.Build.0 = Debug|Any CPU
		{CCDF8564-D00F-CD87-3C6D-A5D9C0ED40DB}.Release|Any CPU.ActiveCfg = Release|Any CPU
		{CCDF8564-D00F-CD87-3C6D-A5D9C0ED40DB}.Release|Any CPU.Build.0 = Release|Any CPU
	EndGlobalSection
	GlobalSection(SolutionProperties) = preSolution
		HideSolutionNode = FALSE
	EndGlobalSection
EndGlobal
